
Microsoft Visual Studio Solution File, Format Version 12.00
# Visual Studio Version 16
VisualStudioVersion = 16.0.31229.75
MinimumVisualStudioVersion = 10.0.40219.1
Project("{9A19103F-16F7-4668-BE54-9A1E7A4F7556}") = "TaskNote", "TaskNote\TaskNote.csproj", "{A30DB49E-8343-437E-AA36-EE572A6C5DE9}"
EndProject
Project("{9A19103F-16F7-4668-BE54-9A1E7A4F7556}") = "TaskNote.Model", "TaskNote.Model\TaskNote.Model.csproj", "{C9DED05E-3611-4D89-947D-8E331374059C}"
EndProject
Project("{9A19103F-16F7-4668-BE54-9A1E7A4F7556}") = "TaskNote.DataAccess", "TaskNote.DataAccess\TaskNote.DataAccess.csproj", "{BA185C78-7804-4C0E-84DA-C026015EF460}"
EndProject
Project("{9A19103F-16F7-4668-BE54-9A1E7A4F7556}") = "TaskNote.ViewModel", "TaskNote.ViewModel\TaskNote.ViewModel.csproj", "{77B0ADF7-9AFA-4B47-A4F2-E18C616BFF4E}"
EndProject
Project("{9A19103F-16F7-4668-BE54-9A1E7A4F7556}") = "TaskNote.Test", "TaskNote.Test\TaskNote.Test.csproj", "{CC5EED78-D7B6-4760-9239-5E3EAA3E5CCC}"
EndProject
Global
	GlobalSection(SolutionConfigurationPlatforms) = preSolution
		Debug|Any CPU = Debug|Any CPU
		Release|Any CPU = Release|Any CPU
	EndGlobalSection
	GlobalSection(ProjectConfigurationPlatforms) = postSolution
		{A30DB49E-8343-437E-AA36-EE572A6C5DE9}.Debug|Any CPU.ActiveCfg = Debug|Any CPU
		{A30DB49E-8343-437E-AA36-EE572A6C5DE9}.Debug|Any CPU.Build.0 = Debug|Any CPU
		{A30DB49E-8343-437E-AA36-EE572A6C5DE9}.Release|Any CPU.ActiveCfg = Release|Any CPU
		{A30DB49E-8343-437E-AA36-EE572A6C5DE9}.Release|Any CPU.Build.0 = Release|Any CPU
		{C9DED05E-3611-4D89-947D-8E331374059C}.Debug|Any CPU.ActiveCfg = Debug|Any CPU
		{C9DED05E-3611-4D89-947D-8E331374059C}.Debug|Any CPU.Build.0 = Debug|Any CPU
		{C9DED05E-3611-4D89-947D-8E331374059C}.Release|Any CPU.ActiveCfg = Release|Any CPU
		{C9DED05E-3611-4D89-947D-8E331374059C}.Release|Any CPU.Build.0 = Release|Any CPU
		{BA185C78-7804-4C0E-84DA-C026015EF460}.Debug|Any CPU.ActiveCfg = Debug|Any CPU
		{BA185C78-7804-4C0E-84DA-C026015EF460}.Debug|Any CPU.Build.0 = Debug|Any CPU
		{BA185C78-7804-4C0E-84DA-C026015EF460}.Release|Any CPU.ActiveCfg = Release|Any CPU
		{BA185C78-7804-4C0E-84DA-C026015EF460}.Release|Any CPU.Build.0 = Release|Any CPU
		{77B0ADF7-9AFA-4B47-A4F2-E18C616BFF4E}.Debug|Any CPU.ActiveCfg = Debug|Any CPU
		{77B0ADF7-9AFA-4B47-A4F2-E18C616BFF4E}.Debug|Any CPU.Build.0 = Debug|Any CPU
		{77B0ADF7-9AFA-4B47-A4F2-E18C616BFF4E}.Release|Any CPU.ActiveCfg = Release|Any CPU
		{77B0ADF7-9AFA-4B47-A4F2-E18C616BFF4E}.Release|Any CPU.Build.0 = Release|Any CPU
		{CC5EED78-D7B6-4760-9239-5E3EAA3E5CCC}.Debug|Any CPU.ActiveCfg = Debug|Any CPU
		{CC5EED78-D7B6-4760-9239-5E3EAA3E5CCC}.Debug|Any CPU.Build.0 = Debug|Any CPU
		{CC5EED78-D7B6-4760-9239-5E3EAA3E5CCC}.Release|Any CPU.ActiveCfg = Release|Any CPU
		{CC5EED78-D7B6-4760-9239-5E3EAA3E5CCC}.Release|Any CPU.Build.0 = Release|Any CPU
	EndGlobalSection
	GlobalSection(SolutionProperties) = preSolution
		HideSolutionNode = FALSE
	EndGlobalSection
	GlobalSection(ExtensibilityGlobals) = postSolution
		SolutionGuid = {1F219808-E6E8-4C1D-B846-41F2F7CF20FA}
	EndGlobalSection
EndGlobal
